
Microsoft Visual Studio Solution File, Format Version 12.00
# Visual Studio Version 17
VisualStudioVersion = 17.2.32505.173
MinimumVisualStudioVersion = 10.0.40219.1
Project("{9A19103F-16F7-4668-BE54-9A1E7A4F7556}") = "01. SumMatrixElements", "01. SumMatrixElements Multidimensional-and-Jagged-Arrays-Examples\01. SumMatrixElements.csproj", "{F3222C9B-8E3B-4237-8548-66C2DDCF2C20}"
EndProject
Project("{9A19103F-16F7-4668-BE54-9A1E7A4F7556}") = "02. SumMatrixColumns", "02. SumMatrixColumns\02. SumMatrixColumns.csproj", "{20103186-FE57-4B00-92C9-E6C061828E71}"
EndProject
Project("{9A19103F-16F7-4668-BE54-9A1E7A4F7556}") = "03. Primary Diagonal", "03. Primary Diagonal\03. Primary Diagonal.csproj", "{56A1B000-AE6E-47C6-A385-2586C7A3DAFE}"
EndProject
Project("{9A19103F-16F7-4668-BE54-9A1E7A4F7556}") = "04. SymbolInMatrix", "04. SymbolInMatrix\04. SymbolInMatrix.csproj", "{14B722B4-3080-41C5-8E1D-97209F8F6582}"
EndProject
Project("{FAE04EC0-301F-11D3-BF4B-00C04F79EFBC}") = "05. SquareWithMaximumSum", "05. SquareWithMaximumSum\05. SquareWithMaximumSum.csproj", "{B8CD5712-C695-429F-9834-5EF2A80536C9}"
EndProject
Project("{FAE04EC0-301F-11D3-BF4B-00C04F79EFBC}") = "06. Jagged-ArrayModification", "06. Jagged-ArrayModification\06. Jagged-ArrayModification.csproj", "{34CFE945-80C1-46C1-A5A5-8FA24DA119B9}"
EndProject
Project("{FAE04EC0-301F-11D3-BF4B-00C04F79EFBC}") = "07. PascalTriangle", "07. PascalTriangle\07. PascalTriangle.csproj", "{B848E848-9924-4532-9834-1E42BF783CC1}"
EndProject
Project("{FAE04EC0-301F-11D3-BF4B-00C04F79EFBC}") = "1.1. Diagonal Difference", "1.1. Diagonal Difference\1.1. Diagonal Difference.csproj", "{AD4AF217-D779-4A4E-89CE-7E3B559F6F27}"
EndProject
Project("{FAE04EC0-301F-11D3-BF4B-00C04F79EFBC}") = "1.2. SquaresInMatrix", "1.2. SquaresInMatrix\1.2. SquaresInMatrix.csproj", "{AFF01A63-DE57-4073-8D4D-9B555048882D}"
EndProject
Project("{FAE04EC0-301F-11D3-BF4B-00C04F79EFBC}") = "1.3. MaximalSum", "1.3. MaximalSum\1.3. MaximalSum.csproj", "{055A0E2E-9896-4CFB-AAD4-BC65F8707874}"
EndProject
Project("{FAE04EC0-301F-11D3-BF4B-00C04F79EFBC}") = "1.4. MatrixShuffling", "1.4. MatrixShuffling\1.4. MatrixShuffling.csproj", "{4414CF80-9799-4914-BCCF-0DA9135D92CD}"
EndProject
Project("{FAE04EC0-301F-11D3-BF4B-00C04F79EFBC}") = "1.5. Snake Moves", "1.5. Snake Moves\1.5. Snake Moves.csproj", "{BC2BCD0C-14E3-4780-AFB3-25F570EA85BA}"
EndProject
Project("{FAE04EC0-301F-11D3-BF4B-00C04F79EFBC}") = "1.6. JaggedArrayManipulator", "1.6. JaggedArrayManipulator\1.6. JaggedArrayManipulator.csproj", "{EEB54193-79EA-45C8-9EA6-16F5A5AE719C}"
EndProject
Project("{FAE04EC0-301F-11D3-BF4B-00C04F79EFBC}") = "1.7. KnightGame", "1.7. KnightGame\1.7. KnightGame.csproj", "{188D25CE-9608-411F-BA86-39B192C193D0}"
EndProject
Project("{FAE04EC0-301F-11D3-BF4B-00C04F79EFBC}") = "1.8. Bombs", "1.8. Bombs\1.8. Bombs.csproj", "{947B4663-47A4-4912-B747-ECC3419A8066}"
EndProject
Project("{FAE04EC0-301F-11D3-BF4B-00C04F79EFBC}") = "1.9. Miner", "1.9. Miner\1.9. Miner.csproj", "{9565E6E1-F3EF-49A4-8068-34E5A0C48DA2}"
EndProject
Project("{FAE04EC0-301F-11D3-BF4B-00C04F79EFBC}") = "2.10. RadioactiveMutantVampireBunnies", "1.10. RadioactiveMutantVampireBunnies\2.10. RadioactiveMutantVampireBunnies.csproj", "{A1BE0265-ECCD-4C9B-BDDE-E69974CA887B}"
EndProject
Global
	GlobalSection(SolutionConfigurationPlatforms) = preSolution
		Debug|Any CPU = Debug|Any CPU
		Release|Any CPU = Release|Any CPU
	EndGlobalSection
	GlobalSection(ProjectConfigurationPlatforms) = postSolution
		{F3222C9B-8E3B-4237-8548-66C2DDCF2C20}.Debug|Any CPU.ActiveCfg = Debug|Any CPU
		{F3222C9B-8E3B-4237-8548-66C2DDCF2C20}.Debug|Any CPU.Build.0 = Debug|Any CPU
		{F3222C9B-8E3B-4237-8548-66C2DDCF2C20}.Release|Any CPU.ActiveCfg = Release|Any CPU
		{F3222C9B-8E3B-4237-8548-66C2DDCF2C20}.Release|Any CPU.Build.0 = Release|Any CPU
		{20103186-FE57-4B00-92C9-E6C061828E71}.Debug|Any CPU.ActiveCfg = Debug|Any CPU
		{20103186-FE57-4B00-92C9-E6C061828E71}.Debug|Any CPU.Build.0 = Debug|Any CPU
		{20103186-FE57-4B00-92C9-E6C061828E71}.Release|Any CPU.ActiveCfg = Release|Any CPU
		{20103186-FE57-4B00-92C9-E6C061828E71}.Release|Any CPU.Build.0 = Release|Any CPU
		{56A1B000-AE6E-47C6-A385-2586C7A3DAFE}.Debug|Any CPU.ActiveCfg = Debug|Any CPU
		{56A1B000-AE6E-47C6-A385-2586C7A3DAFE}.Debug|Any CPU.Build.0 = Debug|Any CPU
		{56A1B000-AE6E-47C6-A385-2586C7A3DAFE}.Release|Any CPU.ActiveCfg = Release|Any CPU
		{56A1B000-AE6E-47C6-A385-2586C7A3DAFE}.Release|Any CPU.Build.0 = Release|Any CPU
		{14B722B4-3080-41C5-8E1D-97209F8F6582}.Debug|Any CPU.ActiveCfg = Debug|Any CPU
		{14B722B4-3080-41C5-8E1D-97209F8F6582}.Debug|Any CPU.Build.0 = Debug|Any CPU
		{14B722B4-3080-41C5-8E1D-97209F8F6582}.Release|Any CPU.ActiveCfg = Release|Any CPU
		{14B722B4-3080-41C5-8E1D-97209F8F6582}.Release|Any CPU.Build.0 = Release|Any CPU
		{B8CD5712-C695-429F-9834-5EF2A80536C9}.Debug|Any CPU.ActiveCfg = Debug|Any CPU
		{B8CD5712-C695-429F-9834-5EF2A80536C9}.Debug|Any CPU.Build.0 = Debug|Any CPU
		{B8CD5712-C695-429F-9834-5EF2A80536C9}.Release|Any CPU.ActiveCfg = Release|Any CPU
		{B8CD5712-C695-429F-9834-5EF2A80536C9}.Release|Any CPU.Build.0 = Release|Any CPU
		{34CFE945-80C1-46C1-A5A5-8FA24DA119B9}.Debug|Any CPU.ActiveCfg = Debug|Any CPU
		{34CFE945-80C1-46C1-A5A5-8FA24DA119B9}.Debug|Any CPU.Build.0 = Debug|Any CPU
		{34CFE945-80C1-46C1-A5A5-8FA24DA119B9}.Release|Any CPU.ActiveCfg = Release|Any CPU
		{34CFE945-80C1-46C1-A5A5-8FA24DA119B9}.Release|Any CPU.Build.0 = Release|Any CPU
		{B848E848-9924-4532-9834-1E42BF783CC1}.Debug|Any CPU.ActiveCfg = Debug|Any CPU
		{B848E848-9924-4532-9834-1E42BF783CC1}.Debug|Any CPU.Build.0 = Debug|Any CPU
		{B848E848-9924-4532-9834-1E42BF783CC1}.Release|Any CPU.ActiveCfg = Release|Any CPU
		{B848E848-9924-4532-9834-1E42BF783CC1}.Release|Any CPU.Build.0 = Release|Any CPU
		{AD4AF217-D779-4A4E-89CE-7E3B559F6F27}.Debug|Any CPU.ActiveCfg = Debug|Any CPU
		{AD4AF217-D779-4A4E-89CE-7E3B559F6F27}.Debug|Any CPU.Build.0 = Debug|Any CPU
		{AD4AF217-D779-4A4E-89CE-7E3B559F6F27}.Release|Any CPU.ActiveCfg = Release|Any CPU
		{AD4AF217-D779-4A4E-89CE-7E3B559F6F27}.Release|Any CPU.Build.0 = Release|Any CPU
		{AFF01A63-DE57-4073-8D4D-9B555048882D}.Debug|Any CPU.ActiveCfg = Debug|Any CPU
		{AFF01A63-DE57-4073-8D4D-9B555048882D}.Debug|Any CPU.Build.0 = Debug|Any CPU
		{AFF01A63-DE57-4073-8D4D-9B555048882D}.Release|Any CPU.ActiveCfg = Release|Any CPU
		{AFF01A63-DE57-4073-8D4D-9B555048882D}.Release|Any CPU.Build.0 = Release|Any CPU
		{055A0E2E-9896-4CFB-AAD4-BC65F8707874}.Debug|Any CPU.ActiveCfg = Debug|Any CPU
		{055A0E2E-9896-4CFB-AAD4-BC65F8707874}.Debug|Any CPU.Build.0 = Debug|Any CPU
		{055A0E2E-9896-4CFB-AAD4-BC65F8707874}.Release|Any CPU.ActiveCfg = Release|Any CPU
		{055A0E2E-9896-4CFB-AAD4-BC65F8707874}.Release|Any CPU.Build.0 = Release|Any CPU
		{4414CF80-9799-4914-BCCF-0DA9135D92CD}.Debug|Any CPU.ActiveCfg = Debug|Any CPU
		{4414CF80-9799-4914-BCCF-0DA9135D92CD}.Debug|Any CPU.Build.0 = Debug|Any CPU
		{4414CF80-9799-4914-BCCF-0DA9135D92CD}.Release|Any CPU.ActiveCfg = Release|Any CPU
		{4414CF80-9799-4914-BCCF-0DA9135D92CD}.Release|Any CPU.Build.0 = Release|Any CPU
		{BC2BCD0C-14E3-4780-AFB3-25F570EA85BA}.Debug|Any CPU.ActiveCfg = Debug|Any CPU
		{BC2BCD0C-14E3-4780-AFB3-25F570EA85BA}.Debug|Any CPU.Build.0 = Debug|Any CPU
		{BC2BCD0C-14E3-4780-AFB3-25F570EA85BA}.Release|Any CPU.ActiveCfg = Release|Any CPU
		{BC2BCD0C-14E3-4780-AFB3-25F570EA85BA}.Release|Any CPU.Build.0 = Release|Any CPU
		{EEB54193-79EA-45C8-9EA6-16F5A5AE719C}.Debug|Any CPU.ActiveCfg = Debug|Any CPU
		{EEB54193-79EA-45C8-9EA6-16F5A5AE719C}.Debug|Any CPU.Build.0 = Debug|Any CPU
		{EEB54193-79EA-45C8-9EA6-16F5A5AE719C}.Release|Any CPU.ActiveCfg = Release|Any CPU
		{EEB54193-79EA-45C8-9EA6-16F5A5AE719C}.Release|Any CPU.Build.0 = Release|Any CPU
		{188D25CE-9608-411F-BA86-39B192C193D0}.Debug|Any CPU.ActiveCfg = Debug|Any CPU
		{188D25CE-9608-411F-BA86-39B192C193D0}.Debug|Any CPU.Build.0 = Debug|Any CPU
		{188D25CE-9608-411F-BA86-39B192C193D0}.Release|Any CPU.ActiveCfg = Release|Any CPU
		{188D25CE-9608-411F-BA86-39B192C193D0}.Release|Any CPU.Build.0 = Release|Any CPU
		{947B4663-47A4-4912-B747-ECC3419A8066}.Debug|Any CPU.ActiveCfg = Debug|Any CPU
		{947B4663-47A4-4912-B747-ECC3419A8066}.Debug|Any CPU.Build.0 = Debug|Any CPU
		{947B4663-47A4-4912-B747-ECC3419A8066}.Release|Any CPU.ActiveCfg = Release|Any CPU
		{947B4663-47A4-4912-B747-ECC3419A8066}.Release|Any CPU.Build.0 = Release|Any CPU
		{9565E6E1-F3EF-49A4-8068-34E5A0C48DA2}.Debug|Any CPU.ActiveCfg = Debug|Any CPU
		{9565E6E1-F3EF-49A4-8068-34E5A0C48DA2}.Debug|Any CPU.Build.0 = Debug|Any CPU
		{9565E6E1-F3EF-49A4-8068-34E5A0C48DA2}.Release|Any CPU.ActiveCfg = Release|Any CPU
		{9565E6E1-F3EF-49A4-8068-34E5A0C48DA2}.Release|Any CPU.Build.0 = Release|Any CPU
		{A1BE0265-ECCD-4C9B-BDDE-E69974CA887B}.Debug|Any CPU.ActiveCfg = Debug|Any CPU
		{A1BE0265-ECCD-4C9B-BDDE-E69974CA887B}.Debug|Any CPU.Build.0 = Debug|Any CPU
		{A1BE0265-ECCD-4C9B-BDDE-E69974CA887B}.Release|Any CPU.ActiveCfg = Release|Any CPU
		{A1BE0265-ECCD-4C9B-BDDE-E69974CA887B}.Release|Any CPU.Build.0 = Release|Any CPU
	EndGlobalSection
	GlobalSection(SolutionProperties) = preSolution
		HideSolutionNode = FALSE
	EndGlobalSection
	GlobalSection(ExtensibilityGlobals) = postSolution
		SolutionGuid = {7EA9A687-F96F-434B-B9F2-7035E58207A8}
	EndGlobalSection
EndGlobal
